// !$*UTF8*$!
{
	archiveVersion = 1;
	classes = {
	};
	objectVersion = 55;
	objects = {

/* Begin PBXBuildFile section */
		D477CB67282121AE00B7A07B /* AppDelegate.swift in Sources */ = {isa = PBXBuildFile; fileRef = D477CB66282121AE00B7A07B /* AppDelegate.swift */; };
		D477CB69282121AE00B7A07B /* SceneDelegate.swift in Sources */ = {isa = PBXBuildFile; fileRef = D477CB68282121AE00B7A07B /* SceneDelegate.swift */; };
		D477CB6B282121AE00B7A07B /* ViewController.swift in Sources */ = {isa = PBXBuildFile; fileRef = D477CB6A282121AE00B7A07B /* ViewController.swift */; };
		D477CB70282121B000B7A07B /* Assets.xcassets in Resources */ = {isa = PBXBuildFile; fileRef = D477CB6F282121B000B7A07B /* Assets.xcassets */; };
		D477CB73282121B000B7A07B /* LaunchScreen.storyboard in Resources */ = {isa = PBXBuildFile; fileRef = D477CB71282121B000B7A07B /* LaunchScreen.storyboard */; };
		D477CB7E282121B000B7A07B /* TDD_1Tests.swift in Sources */ = {isa = PBXBuildFile; fileRef = D477CB7D282121B000B7A07B /* TDD_1Tests.swift */; };
		D477CB88282121B000B7A07B /* TDD_1UITests.swift in Sources */ = {isa = PBXBuildFile; fileRef = D477CB87282121B000B7A07B /* TDD_1UITests.swift */; };
		D477CB8A282121B000B7A07B /* TDD_1UITestsLaunchTests.swift in Sources */ = {isa = PBXBuildFile; fileRef = D477CB89282121B000B7A07B /* TDD_1UITestsLaunchTests.swift */; };
/* End PBXBuildFile section */

/* Begin PBXContainerItemProxy section */
		D477CB7A282121B000B7A07B /* PBXContainerItemProxy */ = {
			isa = PBXContainerItemProxy;
			containerPortal = D477CB5B282121AE00B7A07B /* Project object */;
			proxyType = 1;
			remoteGlobalIDString = D477CB62282121AE00B7A07B;
			remoteInfo = TDD_1;
		};
		D477CB84282121B000B7A07B /* PBXContainerItemProxy */ = {
			isa = PBXContainerItemProxy;
			containerPortal = D477CB5B282121AE00B7A07B /* Project object */;
			proxyType = 1;
			remoteGlobalIDString = D477CB62282121AE00B7A07B;
			remoteInfo = TDD_1;
		};
/* End PBXContainerItemProxy section */

/* Begin PBXFileReference section */
		D477CB63282121AE00B7A07B /* TDD_1.app */ = {isa = PBXFileReference; explicitFileType = wrapper.application; includeInIndex = 0; path = TDD_1.app; sourceTree = BUILT_PRODUCTS_DIR; };
		D477CB66282121AE00B7A07B /* AppDelegate.swift */ = {isa = PBXFileReference; lastKnownFileType = sourcecode.swift; path = AppDelegate.swift; sourceTree = "<group>"; };
		D477CB68282121AE00B7A07B /* SceneDelegate.swift */ = {isa = PBXFileReference; lastKnownFileType = sourcecode.swift; path = SceneDelegate.swift; sourceTree = "<group>"; };
		D477CB6A282121AE00B7A07B /* ViewController.swift */ = {isa = PBXFileReference; lastKnownFileType = sourcecode.swift; path = ViewController.swift; sourceTree = "<group>"; };
		D477CB6F282121B000B7A07B /* Assets.xcassets */ = {isa = PBXFileReference; lastKnownFileType = folder.assetcatalog; path = Assets.xcassets; sourceTree = "<group>"; };
		D477CB72282121B000B7A07B /* Base */ = {isa = PBXFileReference; lastKnownFileType = file.storyboard; name = Base; path = Base.lproj/LaunchScreen.storyboard; sourceTree = "<group>"; };
		D477CB74282121B000B7A07B /* Info.plist */ = {isa = PBXFileReference; lastKnownFileType = text.plist.xml; path = Info.plist; sourceTree = "<group>"; };
		D477CB79282121B000B7A07B /* TDD_1Tests.xctest */ = {isa = PBXFileReference; explicitFileType = wrapper.cfbundle; includeInIndex = 0; path = TDD_1Tests.xctest; sourceTree = BUILT_PRODUCTS_DIR; };
		D477CB7D282121B000B7A07B /* TDD_1Tests.swift */ = {isa = PBXFileReference; lastKnownFileType = sourcecode.swift; path = TDD_1Tests.swift; sourceTree = "<group>"; };
		D477CB83282121B000B7A07B /* TDD_1UITests.xctest */ = {isa = PBXFileReference; explicitFileType = wrapper.cfbundle; includeInIndex = 0; path = TDD_1UITests.xctest; sourceTree = BUILT_PRODUCTS_DIR; };
		D477CB87282121B000B7A07B /* TDD_1UITests.swift */ = {isa = PBXFileReference; lastKnownFileType = sourcecode.swift; path = TDD_1UITests.swift; sourceTree = "<group>"; };
		D477CB89282121B000B7A07B /* TDD_1UITestsLaunchTests.swift */ = {isa = PBXFileReference; lastKnownFileType = sourcecode.swift; path = TDD_1UITestsLaunchTests.swift; sourceTree = "<group>"; };
/* End PBXFileReference section */

/* Begin PBXFrameworksBuildPhase section */
		D477CB60282121AE00B7A07B /* Frameworks */ = {
			isa = PBXFrameworksBuildPhase;
			buildActionMask = 2147483647;
			files = (
			);
			runOnlyForDeploymentPostprocessing = 0;
		};
		D477CB76282121B000B7A07B /* Frameworks */ = {
			isa = PBXFrameworksBuildPhase;
			buildActionMask = 2147483647;
			files = (
			);
			runOnlyForDeploymentPostprocessing = 0;
		};
		D477CB80282121B000B7A07B /* Frameworks */ = {
			isa = PBXFrameworksBuildPhase;
			buildActionMask = 2147483647;
			files = (
			);
			runOnlyForDeploymentPostprocessing = 0;
		};
/* End PBXFrameworksBuildPhase section */

/* Begin PBXGroup section */
		D477CB5A282121AE00B7A07B = {
			isa = PBXGroup;
			children = (
				D477CB65282121AE00B7A07B /* TDD_1 */,
				D477CB7C282121B000B7A07B /* TDD_1Tests */,
				D477CB86282121B000B7A07B /* TDD_1UITests */,
				D477CB64282121AE00B7A07B /* Products */,
			);
			sourceTree = "<group>";
		};
		D477CB64282121AE00B7A07B /* Products */ = {
			isa = PBXGroup;
			children = (
				D477CB63282121AE00B7A07B /* TDD_1.app */,
				D477CB79282121B000B7A07B /* TDD_1Tests.xctest */,
				D477CB83282121B000B7A07B /* TDD_1UITests.xctest */,
			);
			name = Products;
			sourceTree = "<group>";
		};
		D477CB65282121AE00B7A07B /* TDD_1 */ = {
			isa = PBXGroup;
			children = (
				D477CB66282121AE00B7A07B /* AppDelegate.swift */,
				D477CB68282121AE00B7A07B /* SceneDelegate.swift */,
				D477CB6A282121AE00B7A07B /* ViewController.swift */,
				D477CB6F282121B000B7A07B /* Assets.xcassets */,
				D477CB71282121B000B7A07B /* LaunchScreen.storyboard */,
				D477CB74282121B000B7A07B /* Info.plist */,
			);
			path = TDD_1;
			sourceTree = "<group>";
		};
		D477CB7C282121B000B7A07B /* TDD_1Tests */ = {
			isa = PBXGroup;
			children = (
				D477CB7D282121B000B7A07B /* TDD_1Tests.swift */,
			);
			path = TDD_1Tests;
			sourceTree = "<group>";
		};
		D477CB86282121B000B7A07B /* TDD_1UITests */ = {
			isa = PBXGroup;
			children = (
				D477CB87282121B000B7A07B /* TDD_1UITests.swift */,
				D477CB89282121B000B7A07B /* TDD_1UITestsLaunchTests.swift */,
			);
			path = TDD_1UITests;
			sourceTree = "<group>";
		};
/* End PBXGroup section */

/* Begin PBXNativeTarget section */
		D477CB62282121AE00B7A07B /* TDD_1 */ = {
			isa = PBXNativeTarget;
			buildConfigurationList = D477CB8D282121B000B7A07B /* Build configuration list for PBXNativeTarget "TDD_1" */;
			buildPhases = (
				D477CB5F282121AE00B7A07B /* Sources */,
				D477CB60282121AE00B7A07B /* Frameworks */,
				D477CB61282121AE00B7A07B /* Resources */,
			);
			buildRules = (
			);
			dependencies = (
			);
			name = TDD_1;
			productName = TDD_1;
			productReference = D477CB63282121AE00B7A07B /* TDD_1.app */;
			productType = "com.apple.product-type.application";
		};
		D477CB78282121B000B7A07B /* TDD_1Tests */ = {
			isa = PBXNativeTarget;
			buildConfigurationList = D477CB90282121B000B7A07B /* Build configuration list for PBXNativeTarget "TDD_1Tests" */;
			buildPhases = (
				D477CB75282121B000B7A07B /* Sources */,
				D477CB76282121B000B7A07B /* Frameworks */,
				D477CB77282121B000B7A07B /* Resources */,
			);
			buildRules = (
			);
			dependencies = (
				D477CB7B282121B000B7A07B /* PBXTargetDependency */,
			);
			name = TDD_1Tests;
			productName = TDD_1Tests;
			productReference = D477CB79282121B000B7A07B /* TDD_1Tests.xctest */;
			productType = "com.apple.product-type.bundle.unit-test";
		};
		D477CB82282121B000B7A07B /* TDD_1UITests */ = {
			isa = PBXNativeTarget;
			buildConfigurationList = D477CB93282121B000B7A07B /* Build configuration list for PBXNativeTarget "TDD_1UITests" */;
			buildPhases = (
				D477CB7F282121B000B7A07B /* Sources */,
				D477CB80282121B000B7A07B /* Frameworks */,
				D477CB81282121B000B7A07B /* Resources */,
			);
			buildRules = (
			);
			dependencies = (
				D477CB85282121B000B7A07B /* PBXTargetDependency */,
			);
			name = TDD_1UITests;
			productName = TDD_1UITests;
			productReference = D477CB83282121B000B7A07B /* TDD_1UITests.xctest */;
			productType = "com.apple.product-type.bundle.ui-testing";
		};
/* End PBXNativeTarget section */

/* Begin PBXProject section */
		D477CB5B282121AE00B7A07B /* Project object */ = {
			isa = PBXProject;
			attributes = {
				BuildIndependentTargetsInParallel = 1;
				LastSwiftUpdateCheck = 1330;
				LastUpgradeCheck = 1330;
				TargetAttributes = {
					D477CB62282121AE00B7A07B = {
						CreatedOnToolsVersion = 13.3;
					};
					D477CB78282121B000B7A07B = {
						CreatedOnToolsVersion = 13.3;
						TestTargetID = D477CB62282121AE00B7A07B;
					};
					D477CB82282121B000B7A07B = {
						CreatedOnToolsVersion = 13.3;
						TestTargetID = D477CB62282121AE00B7A07B;
					};
				};
			};
			buildConfigurationList = D477CB5E282121AE00B7A07B /* Build configuration list for PBXProject "TDD_1" */;
			compatibilityVersion = "Xcode 13.0";
			developmentRegion = en;
			hasScannedForEncodings = 0;
			knownRegions = (
				en,
				Base,
			);
			mainGroup = D477CB5A282121AE00B7A07B;
			productRefGroup = D477CB64282121AE00B7A07B /* Products */;
			projectDirPath = "";
			projectRoot = "";
			targets = (
				D477CB62282121AE00B7A07B /* TDD_1 */,
				D477CB78282121B000B7A07B /* TDD_1Tests */,
				D477CB82282121B000B7A07B /* TDD_1UITests */,
			);
		};
/* End PBXProject section */

/* Begin PBXResourcesBuildPhase section */
		D477CB61282121AE00B7A07B /* Resources */ = {
			isa = PBXResourcesBuildPhase;
			buildActionMask = 2147483647;
			files = (
				D477CB73282121B000B7A07B /* LaunchScreen.storyboard in Resources */,
				D477CB70282121B000B7A07B /* Assets.xcassets in Resources */,
			);
			runOnlyForDeploymentPostprocessing = 0;
		};
		D477CB77282121B000B7A07B /* Resources */ = {
			isa = PBXResourcesBuildPhase;
			buildActionMask = 2147483647;
			files = (
			);
			runOnlyForDeploymentPostprocessing = 0;
		};
		D477CB81282121B000B7A07B /* Resources */ = {
			isa = PBXResourcesBuildPhase;
			buildActionMask = 2147483647;
			files = (
			);
			runOnlyForDeploymentPostprocessing = 0;
		};
/* End PBXResourcesBuildPhase section */

/* Begin PBXSourcesBuildPhase section */
		D477CB5F282121AE00B7A07B /* Sources */ = {
			isa = PBXSourcesBuildPhase;
			buildActionMask = 2147483647;
			files = (
				D477CB6B282121AE00B7A07B /* ViewController.swift in Sources */,
				D477CB67282121AE00B7A07B /* AppDelegate.swift in Sources */,
				D477CB69282121AE00B7A07B /* SceneDelegate.swift in Sources */,
			);
			runOnlyForDeploymentPostprocessing = 0;
		};
		D477CB75282121B000B7A07B /* Sources */ = {
			isa = PBXSourcesBuildPhase;
			buildActionMask = 2147483647;
			files = (
				D477CB7E282121B000B7A07B /* TDD_1Tests.swift in Sources */,
			);
			runOnlyForDeploymentPostprocessing = 0;
		};
		D477CB7F282121B000B7A07B /* Sources */ = {
			isa = PBXSourcesBuildPhase;
			buildActionMask = 2147483647;
			files = (
				D477CB88282121B000B7A07B /* TDD_1UITests.swift in Sources */,
				D477CB8A282121B000B7A07B /* TDD_1UITestsLaunchTests.swift in Sources */,
			);
			runOnlyForDeploymentPostprocessing = 0;
		};
/* End PBXSourcesBuildPhase section */

/* Begin PBXTargetDependency section */
		D477CB7B282121B000B7A07B /* PBXTargetDependency */ = {
			isa = PBXTargetDependency;
			target = D477CB62282121AE00B7A07B /* TDD_1 */;
			targetProxy = D477CB7A282121B000B7A07B /* PBXContainerItemProxy */;
		};
		D477CB85282121B000B7A07B /* PBXTargetDependency */ = {
			isa = PBXTargetDependency;
			target = D477CB62282121AE00B7A07B /* TDD_1 */;
			targetProxy = D477CB84282121B000B7A07B /* PBXContainerItemProxy */;
		};
/* End PBXTargetDependency section */

/* Begin PBXVariantGroup section */
		D477CB71282121B000B7A07B /* LaunchScreen.storyboard */ = {
			isa = PBXVariantGroup;
			children = (
				D477CB72282121B000B7A07B /* Base */,
			);
			name = LaunchScreen.storyboard;
			sourceTree = "<group>";
		};
/* End PBXVariantGroup section */

/* Begin XCBuildConfiguration section */
		D477CB8B282121B000B7A07B /* Debug */ = {
			isa = XCBuildConfiguration;
			buildSettings = {
				ALWAYS_SEARCH_USER_PATHS = NO;
				CLANG_ANALYZER_NONNULL = YES;
				CLANG_ANALYZER_NUMBER_OBJECT_CONVERSION = YES_AGGRESSIVE;
				CLANG_CXX_LANGUAGE_STANDARD = "gnu++17";
				CLANG_ENABLE_MODULES = YES;
				CLANG_ENABLE_OBJC_ARC = YES;
				CLANG_ENABLE_OBJC_WEAK = YES;
				CLANG_WARN_BLOCK_CAPTURE_AUTORELEASING = YES;
				CLANG_WARN_BOOL_CONVERSION = YES;
				CLANG_WARN_COMMA = YES;
				CLANG_WARN_CONSTANT_CONVERSION = YES;
				CLANG_WARN_DEPRECATED_OBJC_IMPLEMENTATIONS = YES;
				CLANG_WARN_DIRECT_OBJC_ISA_USAGE = YES_ERROR;
				CLANG_WARN_DOCUMENTATION_COMMENTS = YES;
				CLANG_WARN_EMPTY_BODY = YES;
				CLANG_WARN_ENUM_CONVERSION = YES;
				CLANG_WARN_INFINITE_RECURSION = YES;
				CLANG_WARN_INT_CONVERSION = YES;
				CLANG_WARN_NON_LITERAL_NULL_CONVERSION = YES;
				CLANG_WARN_OBJC_IMPLICIT_RETAIN_SELF = YES;
				CLANG_WARN_OBJC_LITERAL_CONVERSION = YES;
				CLANG_WARN_OBJC_ROOT_CLASS = YES_ERROR;
				CLANG_WARN_QUOTED_INCLUDE_IN_FRAMEWORK_HEADER = YES;
				CLANG_WARN_RANGE_LOOP_ANALYSIS = YES;
				CLANG_WARN_STRICT_PROTOTYPES = YES;
				CLANG_WARN_SUSPICIOUS_MOVE = YES;
				CLANG_WARN_UNGUARDED_AVAILABILITY = YES_AGGRESSIVE;
				CLANG_WARN_UNREACHABLE_CODE = YES;
				CLANG_WARN__DUPLICATE_METHOD_MATCH = YES;
				COPY_PHASE_STRIP = NO;
				DEBUG_INFORMATION_FORMAT = dwarf;
				ENABLE_STRICT_OBJC_MSGSEND = YES;
				ENABLE_TESTABILITY = YES;
				GCC_C_LANGUAGE_STANDARD = gnu11;
				GCC_DYNAMIC_NO_PIC = NO;
				GCC_NO_COMMON_BLOCKS = YES;
				GCC_OPTIMIZATION_LEVEL = 0;
				GCC_PREPROCESSOR_DEFINITIONS = (
					"DEBUG=1",
					"$(inherited)",
				);
				GCC_WARN_64_TO_32_BIT_CONVERSION = YES;
				GCC_WARN_ABOUT_RETURN_TYPE = YES_ERROR;
				GCC_WARN_UNDECLARED_SELECTOR = YES;
				GCC_WARN_UNINITIALIZED_AUTOS = YES_AGGRESSIVE;
				GCC_WARN_UNUSED_FUNCTION = YES;
				GCC_WARN_UNUSED_VARIABLE = YES;
				IPHONEOS_DEPLOYMENT_TARGET = 15.4;
				MTL_ENABLE_DEBUG_INFO = INCLUDE_SOURCE;
				MTL_FAST_MATH = YES;
				ONLY_ACTIVE_ARCH = YES;
				SDKROOT = iphoneos;
				SWIFT_ACTIVE_COMPILATION_CONDITIONS = DEBUG;
				SWIFT_OPTIMIZATION_LEVEL = "-Onone";
			};
			name = Debug;
		};
		D477CB8C282121B000B7A07B /* Release */ = {
			isa = XCBuildConfiguration;
			buildSettings = {
				ALWAYS_SEARCH_USER_PATHS = NO;
				CLANG_ANALYZER_NONNULL = YES;
				CLANG_ANALYZER_NUMBER_OBJECT_CONVERSION = YES_AGGRESSIVE;
				CLANG_CXX_LANGUAGE_STANDARD = "gnu++17";
				CLANG_ENABLE_MODULES = YES;
				CLANG_ENABLE_OBJC_ARC = YES;
				CLANG_ENABLE_OBJC_WEAK = YES;
				CLANG_WARN_BLOCK_CAPTURE_AUTORELEASING = YES;
				CLANG_WARN_BOOL_CONVERSION = YES;
				CLANG_WARN_COMMA = YES;
				CLANG_WARN_CONSTANT_CONVERSION = YES;
				CLANG_WARN_DEPRECATED_OBJC_IMPLEMENTATIONS = YES;
				CLANG_WARN_DIRECT_OBJC_ISA_USAGE = YES_ERROR;
				CLANG_WARN_DOCUMENTATION_COMMENTS = YES;
				CLANG_WARN_EMPTY_BODY = YES;
				CLANG_WARN_ENUM_CONVERSION = YES;
				CLANG_WARN_INFINITE_RECURSION = YES;
				CLANG_WARN_INT_CONVERSION = YES;
				CLANG_WARN_NON_LITERAL_NULL_CONVERSION = YES;
				CLANG_WARN_OBJC_IMPLICIT_RETAIN_SELF = YES;
				CLANG_WARN_OBJC_LITERAL_CONVERSION = YES;
				CLANG_WARN_OBJC_ROOT_CLASS = YES_ERROR;
				CLANG_WARN_QUOTED_INCLUDE_IN_FRAMEWORK_HEADER = YES;
				CLANG_WARN_RANGE_LOOP_ANALYSIS = YES;
				CLANG_WARN_STRICT_PROTOTYPES = YES;
				CLANG_WARN_SUSPICIOUS_MOVE = YES;
				CLANG_WARN_UNGUARDED_AVAILABILITY = YES_AGGRESSIVE;
				CLANG_WARN_UNREACHABLE_CODE = YES;
				CLANG_WARN__DUPLICATE_METHOD_MATCH = YES;
				COPY_PHASE_STRIP = NO;
				DEBUG_INFORMATION_FORMAT = "dwarf-with-dsym";
				ENABLE_NS_ASSERTIONS = NO;
				ENABLE_STRICT_OBJC_MSGSEND = YES;
				GCC_C_LANGUAGE_STANDARD = gnu11;
				GCC_NO_COMMON_BLOCKS = YES;
				GCC_WARN_64_TO_32_BIT_CONVERSION = YES;
				GCC_WARN_ABOUT_RETURN_TYPE = YES_ERROR;
				GCC_WARN_UNDECLARED_SELECTOR = YES;
				GCC_WARN_UNINITIALIZED_AUTOS = YES_AGGRESSIVE;
				GCC_WARN_UNUSED_FUNCTION = YES;
				GCC_WARN_UNUSED_VARIABLE = YES;
				IPHONEOS_DEPLOYMENT_TARGET = 15.4;
				MTL_ENABLE_DEBUG_INFO = NO;
				MTL_FAST_MATH = YES;
				SDKROOT = iphoneos;
				SWIFT_COMPILATION_MODE = wholemodule;
				SWIFT_OPTIMIZATION_LEVEL = "-O";
				VALIDATE_PRODUCT = YES;
			};
			name = Release;
		};
		D477CB8E282121B000B7A07B /* Debug */ = {
			isa = XCBuildConfiguration;
			buildSettings = {
				ASSETCATALOG_COMPILER_APPICON_NAME = AppIcon;
				ASSETCATALOG_COMPILER_GLOBAL_ACCENT_COLOR_NAME = AccentColor;
				CODE_SIGN_STYLE = Automatic;
				CURRENT_PROJECT_VERSION = 1;
				DEVELOPMENT_TEAM = BR3T8YBB5L;
				GENERATE_INFOPLIST_FILE = YES;
				INFOPLIST_FILE = TDD_1/Info.plist;
				INFOPLIST_KEY_UIApplicationSupportsIndirectInputEvents = YES;
				INFOPLIST_KEY_UILaunchStoryboardName = LaunchScreen;
				INFOPLIST_KEY_UISupportedInterfaceOrientations_iPad = "UIInterfaceOrientationPortrait UIInterfaceOrientationPortraitUpsideDown UIInterfaceOrientationLandscapeLeft UIInterfaceOrientationLandscapeRight";
				INFOPLIST_KEY_UISupportedInterfaceOrientations_iPhone = "UIInterfaceOrientationPortrait UIInterfaceOrientationLandscapeLeft UIInterfaceOrientationLandscapeRight";
				LD_RUNPATH_SEARCH_PATHS = (
					"$(inherited)",
					"@executable_path/Frameworks",
				);
				MARKETING_VERSION = 1.0;
				PRODUCT_BUNDLE_IDENTIFIER = "com.gmail.yuukirinnma.TDD-1";
				PRODUCT_NAME = "$(TARGET_NAME)";
				SWIFT_EMIT_LOC_STRINGS = YES;
				SWIFT_VERSION = 5.0;
				TARGETED_DEVICE_FAMILY = "1,2";
			};
			name = Debug;
		};
		D477CB8F282121B000B7A07B /* Release */ = {
			isa = XCBuildConfiguration;
			buildSettings = {
				ASSETCATALOG_COMPILER_APPICON_NAME = AppIcon;
				ASSETCATALOG_COMPILER_GLOBAL_ACCENT_COLOR_NAME = AccentColor;
				CODE_SIGN_STYLE = Automatic;
				CURRENT_PROJECT_VERSION = 1;
				DEVELOPMENT_TEAM = BR3T8YBB5L;
				GENERATE_INFOPLIST_FILE = YES;
				INFOPLIST_FILE = TDD_1/Info.plist;
				INFOPLIST_KEY_UIApplicationSupportsIndirectInputEvents = YES;
				INFOPLIST_KEY_UILaunchStoryboardName = LaunchScreen;
				INFOPLIST_KEY_UISupportedInterfaceOrientations_iPad = "UIInterfaceOrientationPortrait UIInterfaceOrientationPortraitUpsideDown UIInterfaceOrientationLandscapeLeft UIInterfaceOrientationLandscapeRight";
				INFOPLIST_KEY_UISupportedInterfaceOrientations_iPhone = "UIInterfaceOrientationPortrait UIInterfaceOrientationLandscapeLeft UIInterfaceOrientationLandscapeRight";
				LD_RUNPATH_SEARCH_PATHS = (
					"$(inherited)",
					"@executable_path/Frameworks",
				);
				MARKETING_VERSION = 1.0;
				PRODUCT_BUNDLE_IDENTIFIER = "com.gmail.yuukirinnma.TDD-1";
				PRODUCT_NAME = "$(TARGET_NAME)";
				SWIFT_EMIT_LOC_STRINGS = YES;
				SWIFT_VERSION = 5.0;
				TARGETED_DEVICE_FAMILY = "1,2";
			};
			name = Release;
		};
		D477CB91282121B000B7A07B /* Debug */ = {
			isa = XCBuildConfiguration;
			buildSettings = {
				ALWAYS_EMBED_SWIFT_STANDARD_LIBRARIES = YES;
				BUNDLE_LOADER = "$(TEST_HOST)";
				CODE_SIGN_STYLE = Automatic;
				CURRENT_PROJECT_VERSION = 1;
				DEVELOPMENT_TEAM = BR3T8YBB5L;
				GENERATE_INFOPLIST_FILE = YES;
				IPHONEOS_DEPLOYMENT_TARGET = 15.4;
				MARKETING_VERSION = 1.0;
				PRODUCT_BUNDLE_IDENTIFIER = "com.gmail.yuukirinnma.TDD-1Tests";
				PRODUCT_NAME = "$(TARGET_NAME)";
				SWIFT_EMIT_LOC_STRINGS = NO;
				SWIFT_VERSION = 5.0;
				TARGETED_DEVICE_FAMILY = "1,2";
				TEST_HOST = "$(BUILT_PRODUCTS_DIR)/TDD_1.app/TDD_1";
			};
			name = Debug;
		};
		D477CB92282121B000B7A07B /* Release */ = {
			isa = XCBuildConfiguration;
			buildSettings = {
				ALWAYS_EMBED_SWIFT_STANDARD_LIBRARIES = YES;
				BUNDLE_LOADER = "$(TEST_HOST)";
				CODE_SIGN_STYLE = Automatic;
				CURRENT_PROJECT_VERSION = 1;
				DEVELOPMENT_TEAM = BR3T8YBB5L;
				GENERATE_INFOPLIST_FILE = YES;
				IPHONEOS_DEPLOYMENT_TARGET = 15.4;
				MARKETING_VERSION = 1.0;
				PRODUCT_BUNDLE_IDENTIFIER = "com.gmail.yuukirinnma.TDD-1Tests";
				PRODUCT_NAME = "$(TARGET_NAME)";
				SWIFT_EMIT_LOC_STRINGS = NO;
				SWIFT_VERSION = 5.0;
				TARGETED_DEVICE_FAMILY = "1,2";
				TEST_HOST = "$(BUILT_PRODUCTS_DIR)/TDD_1.app/TDD_1";
			};
			name = Release;
		};
		D477CB94282121B000B7A07B /* Debug */ = {
			isa = XCBuildConfiguration;
			buildSettings = {
				ALWAYS_EMBED_SWIFT_STANDARD_LIBRARIES = YES;
				CODE_SIGN_STYLE = Automatic;
				CURRENT_PROJECT_VERSION = 1;
				DEVELOPMENT_TEAM = BR3T8YBB5L;
				GENERATE_INFOPLIST_FILE = YES;
				MARKETING_VERSION = 1.0;
				PRODUCT_BUNDLE_IDENTIFIER = "com.gmail.yuukirinnma.TDD-1UITests";
				PRODUCT_NAME = "$(TARGET_NAME)";
				SWIFT_EMIT_LOC_STRINGS = NO;
				SWIFT_VERSION = 5.0;
				TARGETED_DEVICE_FAMILY = "1,2";
				TEST_TARGET_NAME = TDD_1;
			};
			name = Debug;
		};
		D477CB95282121B000B7A07B /* Release */ = {
			isa = XCBuildConfiguration;
			buildSettings = {
				ALWAYS_EMBED_SWIFT_STANDARD_LIBRARIES = YES;
				CODE_SIGN_STYLE = Automatic;
				CURRENT_PROJECT_VERSION = 1;
				DEVELOPMENT_TEAM = BR3T8YBB5L;
				GENERATE_INFOPLIST_FILE = YES;
				MARKETING_VERSION = 1.0;
				PRODUCT_BUNDLE_IDENTIFIER = "com.gmail.yuukirinnma.TDD-1UITests";
				PRODUCT_NAME = "$(TARGET_NAME)";
				SWIFT_EMIT_LOC_STRINGS = NO;
				SWIFT_VERSION = 5.0;
				TARGETED_DEVICE_FAMILY = "1,2";
				TEST_TARGET_NAME = TDD_1;
			};
			name = Release;
		};
/* End XCBuildConfiguration section */

/* Begin XCConfigurationList section */
		D477CB5E282121AE00B7A07B /* Build configuration list for PBXProject "TDD_1" */ = {
			isa = XCConfigurationList;
			buildConfigurations = (
				D477CB8B282121B000B7A07B /* Debug */,
				D477CB8C282121B000B7A07B /* Release */,
			);
			defaultConfigurationIsVisible = 0;
			defaultConfigurationName = Release;
		};
		D477CB8D282121B000B7A07B /* Build configuration list for PBXNativeTarget "TDD_1" */ = {
			isa = XCConfigurationList;
			buildConfigurations = (
				D477CB8E282121B000B7A07B /* Debug */,
				D477CB8F282121B000B7A07B /* Release */,
			);
			defaultConfigurationIsVisible = 0;
			defaultConfigurationName = Release;
		};
		D477CB90282121B000B7A07B /* Build configuration list for PBXNativeTarget "TDD_1Tests" */ = {
			isa = XCConfigurationList;
			buildConfigurations = (
				D477CB91282121B000B7A07B /* Debug */,
				D477CB92282121B000B7A07B /* Release */,
			);
			defaultConfigurationIsVisible = 0;
			defaultConfigurationName = Release;
		};
		D477CB93282121B000B7A07B /* Build configuration list for PBXNativeTarget "TDD_1UITests" */ = {
			isa = XCConfigurationList;
			buildConfigurations = (
				D477CB94282121B000B7A07B /* Debug */,
				D477CB95282121B000B7A07B /* Release */,
			);
			defaultConfigurationIsVisible = 0;
			defaultConfigurationName = Release;
		};
/* End XCConfigurationList section */
	};
	rootObject = D477CB5B282121AE00B7A07B /* Project object */;
}
