{
  "object": {
    "pins": [
      {
        "package": "RxDataSources",
        "repositoryURL": "https://github.com/RxSwiftCommunity/RxDataSources",
        "state": {
          "branch": null,
          "revision": "90c29b48b628479097fe775ed1966d75ac374518",
          "version": "5.0.2"
        }
      },
      {
        "package": "RxKeyboard",
        "repositoryURL": "https://github.com/RxSwiftCommunity/RxKeyboard",
        "state": {
          "branch": null,
          "revision": "085fd99d7bb4f98e671904fcfe7ff561e66574ad",
          "version": "2.0.0"
        }
      },
      {
        "package": "RxOptional",
        "repositoryURL": "https://github.com/RxSwiftCommunity/RxOptional",
        "state": {
          "branch": null,
          "revision": "f116ec9c727a76e92fabc1724bb7f57e4772402f",
          "version": "5.0.4"
        }
      },
      {
        "package": "RxSwift",
        "repositoryURL": "https://github.com/ReactiveX/RxSwift",
        "state": {
          "branch": "main",
          "revision": "7741a11cb4252c379c8e034508cb1b92b8b40427",
          "version": null
        }
      },
      {
        "package": "RxWebKit",
        "repositoryURL": "https://github.com/RxSwiftCommunity/RxWebKit",
        "state": {
          "branch": null,
          "revision": "4f70b83a63e4dfc59ec1d3fd632788eb31069134",
          "version": "2.0.1"
        }
      },
      {
        "package": "SnapKit",
        "repositoryURL": "https://github.com/SnapKit/SnapKit",
        "state": {
          "branch": null,
          "revision": "d458564516e5676af9c70b4f4b2a9178294f1bc6",
          "version": "5.0.1"
        }
      }
    ]
  },
  "version": 1
}
