// !$*UTF8*$!
{
	archiveVersion = 1;
	classes = {
	};
	objectVersion = 55;
	objects = {

/* Begin PBXBuildFile section */
		D477CBA328241A1E00B7A07B /* AppDelegate.swift in Sources */ = {isa = PBXBuildFile; fileRef = D477CBA228241A1E00B7A07B /* AppDelegate.swift */; };
		D477CBA528241A1E00B7A07B /* SceneDelegate.swift in Sources */ = {isa = PBXBuildFile; fileRef = D477CBA428241A1E00B7A07B /* SceneDelegate.swift */; };
		D477CBA728241A1E00B7A07B /* ViewController.swift in Sources */ = {isa = PBXBuildFile; fileRef = D477CBA628241A1E00B7A07B /* ViewController.swift */; };
		D477CBAC28241A2100B7A07B /* Assets.xcassets in Resources */ = {isa = PBXBuildFile; fileRef = D477CBAB28241A2100B7A07B /* Assets.xcassets */; };
		D477CBAF28241A2100B7A07B /* LaunchScreen.storyboard in Resources */ = {isa = PBXBuildFile; fileRef = D477CBAD28241A2100B7A07B /* LaunchScreen.storyboard */; };
		D477CBBA28241A2100B7A07B /* UnitTest_1Tests.swift in Sources */ = {isa = PBXBuildFile; fileRef = D477CBB928241A2100B7A07B /* UnitTest_1Tests.swift */; };
		D477CBC428241A2100B7A07B /* UnitTest_1UITests.swift in Sources */ = {isa = PBXBuildFile; fileRef = D477CBC328241A2100B7A07B /* UnitTest_1UITests.swift */; };
		D477CBC628241A2100B7A07B /* UnitTest_1UITestsLaunchTests.swift in Sources */ = {isa = PBXBuildFile; fileRef = D477CBC528241A2100B7A07B /* UnitTest_1UITestsLaunchTests.swift */; };
/* End PBXBuildFile section */

/* Begin PBXContainerItemProxy section */
		D477CBB628241A2100B7A07B /* PBXContainerItemProxy */ = {
			isa = PBXContainerItemProxy;
			containerPortal = D477CB9728241A1E00B7A07B /* Project object */;
			proxyType = 1;
			remoteGlobalIDString = D477CB9E28241A1E00B7A07B;
			remoteInfo = UnitTest_1;
		};
		D477CBC028241A2100B7A07B /* PBXContainerItemProxy */ = {
			isa = PBXContainerItemProxy;
			containerPortal = D477CB9728241A1E00B7A07B /* Project object */;
			proxyType = 1;
			remoteGlobalIDString = D477CB9E28241A1E00B7A07B;
			remoteInfo = UnitTest_1;
		};
/* End PBXContainerItemProxy section */

/* Begin PBXFileReference section */
		D477CB9F28241A1E00B7A07B /* UnitTest_1.app */ = {isa = PBXFileReference; explicitFileType = wrapper.application; includeInIndex = 0; path = UnitTest_1.app; sourceTree = BUILT_PRODUCTS_DIR; };
		D477CBA228241A1E00B7A07B /* AppDelegate.swift */ = {isa = PBXFileReference; lastKnownFileType = sourcecode.swift; path = AppDelegate.swift; sourceTree = "<group>"; };
		D477CBA428241A1E00B7A07B /* SceneDelegate.swift */ = {isa = PBXFileReference; lastKnownFileType = sourcecode.swift; path = SceneDelegate.swift; sourceTree = "<group>"; };
		D477CBA628241A1E00B7A07B /* ViewController.swift */ = {isa = PBXFileReference; lastKnownFileType = sourcecode.swift; path = ViewController.swift; sourceTree = "<group>"; };
		D477CBAB28241A2100B7A07B /* Assets.xcassets */ = {isa = PBXFileReference; lastKnownFileType = folder.assetcatalog; path = Assets.xcassets; sourceTree = "<group>"; };
		D477CBAE28241A2100B7A07B /* Base */ = {isa = PBXFileReference; lastKnownFileType = file.storyboard; name = Base; path = Base.lproj/LaunchScreen.storyboard; sourceTree = "<group>"; };
		D477CBB028241A2100B7A07B /* Info.plist */ = {isa = PBXFileReference; lastKnownFileType = text.plist.xml; path = Info.plist; sourceTree = "<group>"; };
		D477CBB528241A2100B7A07B /* UnitTest_1Tests.xctest */ = {isa = PBXFileReference; explicitFileType = wrapper.cfbundle; includeInIndex = 0; path = UnitTest_1Tests.xctest; sourceTree = BUILT_PRODUCTS_DIR; };
		D477CBB928241A2100B7A07B /* UnitTest_1Tests.swift */ = {isa = PBXFileReference; lastKnownFileType = sourcecode.swift; path = UnitTest_1Tests.swift; sourceTree = "<group>"; };
		D477CBBF28241A2100B7A07B /* UnitTest_1UITests.xctest */ = {isa = PBXFileReference; explicitFileType = wrapper.cfbundle; includeInIndex = 0; path = UnitTest_1UITests.xctest; sourceTree = BUILT_PRODUCTS_DIR; };
		D477CBC328241A2100B7A07B /* UnitTest_1UITests.swift */ = {isa = PBXFileReference; lastKnownFileType = sourcecode.swift; path = UnitTest_1UITests.swift; sourceTree = "<group>"; };
		D477CBC528241A2100B7A07B /* UnitTest_1UITestsLaunchTests.swift */ = {isa = PBXFileReference; lastKnownFileType = sourcecode.swift; path = UnitTest_1UITestsLaunchTests.swift; sourceTree = "<group>"; };
/* End PBXFileReference section */

/* Begin PBXFrameworksBuildPhase section */
		D477CB9C28241A1E00B7A07B /* Frameworks */ = {
			isa = PBXFrameworksBuildPhase;
			buildActionMask = 2147483647;
			files = (
			);
			runOnlyForDeploymentPostprocessing = 0;
		};
		D477CBB228241A2100B7A07B /* Frameworks */ = {
			isa = PBXFrameworksBuildPhase;
			buildActionMask = 2147483647;
			files = (
			);
			runOnlyForDeploymentPostprocessing = 0;
		};
		D477CBBC28241A2100B7A07B /* Frameworks */ = {
			isa = PBXFrameworksBuildPhase;
			buildActionMask = 2147483647;
			files = (
			);
			runOnlyForDeploymentPostprocessing = 0;
		};
/* End PBXFrameworksBuildPhase section */

/* Begin PBXGroup section */
		D477CB9628241A1E00B7A07B = {
			isa = PBXGroup;
			children = (
				D477CBA128241A1E00B7A07B /* UnitTest_1 */,
				D477CBB828241A2100B7A07B /* UnitTest_1Tests */,
				D477CBC228241A2100B7A07B /* UnitTest_1UITests */,
				D477CBA028241A1E00B7A07B /* Products */,
			);
			sourceTree = "<group>";
		};
		D477CBA028241A1E00B7A07B /* Products */ = {
			isa = PBXGroup;
			children = (
				D477CB9F28241A1E00B7A07B /* UnitTest_1.app */,
				D477CBB528241A2100B7A07B /* UnitTest_1Tests.xctest */,
				D477CBBF28241A2100B7A07B /* UnitTest_1UITests.xctest */,
			);
			name = Products;
			sourceTree = "<group>";
		};
		D477CBA128241A1E00B7A07B /* UnitTest_1 */ = {
			isa = PBXGroup;
			children = (
				D477CBA228241A1E00B7A07B /* AppDelegate.swift */,
				D477CBA428241A1E00B7A07B /* SceneDelegate.swift */,
				D477CBA628241A1E00B7A07B /* ViewController.swift */,
				D477CBAB28241A2100B7A07B /* Assets.xcassets */,
				D477CBAD28241A2100B7A07B /* LaunchScreen.storyboard */,
				D477CBB028241A2100B7A07B /* Info.plist */,
			);
			path = UnitTest_1;
			sourceTree = "<group>";
		};
		D477CBB828241A2100B7A07B /* UnitTest_1Tests */ = {
			isa = PBXGroup;
			children = (
				D477CBB928241A2100B7A07B /* UnitTest_1Tests.swift */,
			);
			path = UnitTest_1Tests;
			sourceTree = "<group>";
		};
		D477CBC228241A2100B7A07B /* UnitTest_1UITests */ = {
			isa = PBXGroup;
			children = (
				D477CBC328241A2100B7A07B /* UnitTest_1UITests.swift */,
				D477CBC528241A2100B7A07B /* UnitTest_1UITestsLaunchTests.swift */,
			);
			path = UnitTest_1UITests;
			sourceTree = "<group>";
		};
/* End PBXGroup section */

/* Begin PBXNativeTarget section */
		D477CB9E28241A1E00B7A07B /* UnitTest_1 */ = {
			isa = PBXNativeTarget;
			buildConfigurationList = D477CBC928241A2100B7A07B /* Build configuration list for PBXNativeTarget "UnitTest_1" */;
			buildPhases = (
				D477CB9B28241A1E00B7A07B /* Sources */,
				D477CB9C28241A1E00B7A07B /* Frameworks */,
				D477CB9D28241A1E00B7A07B /* Resources */,
			);
			buildRules = (
			);
			dependencies = (
			);
			name = UnitTest_1;
			productName = UnitTest_1;
			productReference = D477CB9F28241A1E00B7A07B /* UnitTest_1.app */;
			productType = "com.apple.product-type.application";
		};
		D477CBB428241A2100B7A07B /* UnitTest_1Tests */ = {
			isa = PBXNativeTarget;
			buildConfigurationList = D477CBCC28241A2100B7A07B /* Build configuration list for PBXNativeTarget "UnitTest_1Tests" */;
			buildPhases = (
				D477CBB128241A2100B7A07B /* Sources */,
				D477CBB228241A2100B7A07B /* Frameworks */,
				D477CBB328241A2100B7A07B /* Resources */,
			);
			buildRules = (
			);
			dependencies = (
				D477CBB728241A2100B7A07B /* PBXTargetDependency */,
			);
			name = UnitTest_1Tests;
			productName = UnitTest_1Tests;
			productReference = D477CBB528241A2100B7A07B /* UnitTest_1Tests.xctest */;
			productType = "com.apple.product-type.bundle.unit-test";
		};
		D477CBBE28241A2100B7A07B /* UnitTest_1UITests */ = {
			isa = PBXNativeTarget;
			buildConfigurationList = D477CBCF28241A2100B7A07B /* Build configuration list for PBXNativeTarget "UnitTest_1UITests" */;
			buildPhases = (
				D477CBBB28241A2100B7A07B /* Sources */,
				D477CBBC28241A2100B7A07B /* Frameworks */,
				D477CBBD28241A2100B7A07B /* Resources */,
			);
			buildRules = (
			);
			dependencies = (
				D477CBC128241A2100B7A07B /* PBXTargetDependency */,
			);
			name = UnitTest_1UITests;
			productName = UnitTest_1UITests;
			productReference = D477CBBF28241A2100B7A07B /* UnitTest_1UITests.xctest */;
			productType = "com.apple.product-type.bundle.ui-testing";
		};
/* End PBXNativeTarget section */

/* Begin PBXProject section */
		D477CB9728241A1E00B7A07B /* Project object */ = {
			isa = PBXProject;
			attributes = {
				BuildIndependentTargetsInParallel = 1;
				LastSwiftUpdateCheck = 1330;
				LastUpgradeCheck = 1330;
				TargetAttributes = {
					D477CB9E28241A1E00B7A07B = {
						CreatedOnToolsVersion = 13.3;
					};
					D477CBB428241A2100B7A07B = {
						CreatedOnToolsVersion = 13.3;
						TestTargetID = D477CB9E28241A1E00B7A07B;
					};
					D477CBBE28241A2100B7A07B = {
						CreatedOnToolsVersion = 13.3;
						TestTargetID = D477CB9E28241A1E00B7A07B;
					};
				};
			};
			buildConfigurationList = D477CB9A28241A1E00B7A07B /* Build configuration list for PBXProject "UnitTest_1" */;
			compatibilityVersion = "Xcode 13.0";
			developmentRegion = en;
			hasScannedForEncodings = 0;
			knownRegions = (
				en,
				Base,
			);
			mainGroup = D477CB9628241A1E00B7A07B;
			productRefGroup = D477CBA028241A1E00B7A07B /* Products */;
			projectDirPath = "";
			projectRoot = "";
			targets = (
				D477CB9E28241A1E00B7A07B /* UnitTest_1 */,
				D477CBB428241A2100B7A07B /* UnitTest_1Tests */,
				D477CBBE28241A2100B7A07B /* UnitTest_1UITests */,
			);
		};
/* End PBXProject section */

/* Begin PBXResourcesBuildPhase section */
		D477CB9D28241A1E00B7A07B /* Resources */ = {
			isa = PBXResourcesBuildPhase;
			buildActionMask = 2147483647;
			files = (
				D477CBAF28241A2100B7A07B /* LaunchScreen.storyboard in Resources */,
				D477CBAC28241A2100B7A07B /* Assets.xcassets in Resources */,
			);
			runOnlyForDeploymentPostprocessing = 0;
		};
		D477CBB328241A2100B7A07B /* Resources */ = {
			isa = PBXResourcesBuildPhase;
			buildActionMask = 2147483647;
			files = (
			);
			runOnlyForDeploymentPostprocessing = 0;
		};
		D477CBBD28241A2100B7A07B /* Resources */ = {
			isa = PBXResourcesBuildPhase;
			buildActionMask = 2147483647;
			files = (
			);
			runOnlyForDeploymentPostprocessing = 0;
		};
/* End PBXResourcesBuildPhase section */

/* Begin PBXSourcesBuildPhase section */
		D477CB9B28241A1E00B7A07B /* Sources */ = {
			isa = PBXSourcesBuildPhase;
			buildActionMask = 2147483647;
			files = (
				D477CBA728241A1E00B7A07B /* ViewController.swift in Sources */,
				D477CBA328241A1E00B7A07B /* AppDelegate.swift in Sources */,
				D477CBA528241A1E00B7A07B /* SceneDelegate.swift in Sources */,
			);
			runOnlyForDeploymentPostprocessing = 0;
		};
		D477CBB128241A2100B7A07B /* Sources */ = {
			isa = PBXSourcesBuildPhase;
			buildActionMask = 2147483647;
			files = (
				D477CBBA28241A2100B7A07B /* UnitTest_1Tests.swift in Sources */,
			);
			runOnlyForDeploymentPostprocessing = 0;
		};
		D477CBBB28241A2100B7A07B /* Sources */ = {
			isa = PBXSourcesBuildPhase;
			buildActionMask = 2147483647;
			files = (
				D477CBC628241A2100B7A07B /* UnitTest_1UITestsLaunchTests.swift in Sources */,
				D477CBC428241A2100B7A07B /* UnitTest_1UITests.swift in Sources */,
			);
			runOnlyForDeploymentPostprocessing = 0;
		};
/* End PBXSourcesBuildPhase section */

/* Begin PBXTargetDependency section */
		D477CBB728241A2100B7A07B /* PBXTargetDependency */ = {
			isa = PBXTargetDependency;
			target = D477CB9E28241A1E00B7A07B /* UnitTest_1 */;
			targetProxy = D477CBB628241A2100B7A07B /* PBXContainerItemProxy */;
		};
		D477CBC128241A2100B7A07B /* PBXTargetDependency */ = {
			isa = PBXTargetDependency;
			target = D477CB9E28241A1E00B7A07B /* UnitTest_1 */;
			targetProxy = D477CBC028241A2100B7A07B /* PBXContainerItemProxy */;
		};
/* End PBXTargetDependency section */

/* Begin PBXVariantGroup section */
		D477CBAD28241A2100B7A07B /* LaunchScreen.storyboard */ = {
			isa = PBXVariantGroup;
			children = (
				D477CBAE28241A2100B7A07B /* Base */,
			);
			name = LaunchScreen.storyboard;
			sourceTree = "<group>";
		};
/* End PBXVariantGroup section */

/* Begin XCBuildConfiguration section */
		D477CBC728241A2100B7A07B /* Debug */ = {
			isa = XCBuildConfiguration;
			buildSettings = {
				ALWAYS_SEARCH_USER_PATHS = NO;
				CLANG_ANALYZER_NONNULL = YES;
				CLANG_ANALYZER_NUMBER_OBJECT_CONVERSION = YES_AGGRESSIVE;
				CLANG_CXX_LANGUAGE_STANDARD = "gnu++17";
				CLANG_ENABLE_MODULES = YES;
				CLANG_ENABLE_OBJC_ARC = YES;
				CLANG_ENABLE_OBJC_WEAK = YES;
				CLANG_WARN_BLOCK_CAPTURE_AUTORELEASING = YES;
				CLANG_WARN_BOOL_CONVERSION = YES;
				CLANG_WARN_COMMA = YES;
				CLANG_WARN_CONSTANT_CONVERSION = YES;
				CLANG_WARN_DEPRECATED_OBJC_IMPLEMENTATIONS = YES;
				CLANG_WARN_DIRECT_OBJC_ISA_USAGE = YES_ERROR;
				CLANG_WARN_DOCUMENTATION_COMMENTS = YES;
				CLANG_WARN_EMPTY_BODY = YES;
				CLANG_WARN_ENUM_CONVERSION = YES;
				CLANG_WARN_INFINITE_RECURSION = YES;
				CLANG_WARN_INT_CONVERSION = YES;
				CLANG_WARN_NON_LITERAL_NULL_CONVERSION = YES;
				CLANG_WARN_OBJC_IMPLICIT_RETAIN_SELF = YES;
				CLANG_WARN_OBJC_LITERAL_CONVERSION = YES;
				CLANG_WARN_OBJC_ROOT_CLASS = YES_ERROR;
				CLANG_WARN_QUOTED_INCLUDE_IN_FRAMEWORK_HEADER = YES;
				CLANG_WARN_RANGE_LOOP_ANALYSIS = YES;
				CLANG_WARN_STRICT_PROTOTYPES = YES;
				CLANG_WARN_SUSPICIOUS_MOVE = YES;
				CLANG_WARN_UNGUARDED_AVAILABILITY = YES_AGGRESSIVE;
				CLANG_WARN_UNREACHABLE_CODE = YES;
				CLANG_WARN__DUPLICATE_METHOD_MATCH = YES;
				COPY_PHASE_STRIP = NO;
				DEBUG_INFORMATION_FORMAT = dwarf;
				ENABLE_STRICT_OBJC_MSGSEND = YES;
				ENABLE_TESTABILITY = YES;
				GCC_C_LANGUAGE_STANDARD = gnu11;
				GCC_DYNAMIC_NO_PIC = NO;
				GCC_NO_COMMON_BLOCKS = YES;
				GCC_OPTIMIZATION_LEVEL = 0;
				GCC_PREPROCESSOR_DEFINITIONS = (
					"DEBUG=1",
					"$(inherited)",
				);
				GCC_WARN_64_TO_32_BIT_CONVERSION = YES;
				GCC_WARN_ABOUT_RETURN_TYPE = YES_ERROR;
				GCC_WARN_UNDECLARED_SELECTOR = YES;
				GCC_WARN_UNINITIALIZED_AUTOS = YES_AGGRESSIVE;
				GCC_WARN_UNUSED_FUNCTION = YES;
				GCC_WARN_UNUSED_VARIABLE = YES;
				IPHONEOS_DEPLOYMENT_TARGET = 15.4;
				MTL_ENABLE_DEBUG_INFO = INCLUDE_SOURCE;
				MTL_FAST_MATH = YES;
				ONLY_ACTIVE_ARCH = YES;
				SDKROOT = iphoneos;
				SWIFT_ACTIVE_COMPILATION_CONDITIONS = DEBUG;
				SWIFT_OPTIMIZATION_LEVEL = "-Onone";
			};
			name = Debug;
		};
		D477CBC828241A2100B7A07B /* Release */ = {
			isa = XCBuildConfiguration;
			buildSettings = {
				ALWAYS_SEARCH_USER_PATHS = NO;
				CLANG_ANALYZER_NONNULL = YES;
				CLANG_ANALYZER_NUMBER_OBJECT_CONVERSION = YES_AGGRESSIVE;
				CLANG_CXX_LANGUAGE_STANDARD = "gnu++17";
				CLANG_ENABLE_MODULES = YES;
				CLANG_ENABLE_OBJC_ARC = YES;
				CLANG_ENABLE_OBJC_WEAK = YES;
				CLANG_WARN_BLOCK_CAPTURE_AUTORELEASING = YES;
				CLANG_WARN_BOOL_CONVERSION = YES;
				CLANG_WARN_COMMA = YES;
				CLANG_WARN_CONSTANT_CONVERSION = YES;
				CLANG_WARN_DEPRECATED_OBJC_IMPLEMENTATIONS = YES;
				CLANG_WARN_DIRECT_OBJC_ISA_USAGE = YES_ERROR;
				CLANG_WARN_DOCUMENTATION_COMMENTS = YES;
				CLANG_WARN_EMPTY_BODY = YES;
				CLANG_WARN_ENUM_CONVERSION = YES;
				CLANG_WARN_INFINITE_RECURSION = YES;
				CLANG_WARN_INT_CONVERSION = YES;
				CLANG_WARN_NON_LITERAL_NULL_CONVERSION = YES;
				CLANG_WARN_OBJC_IMPLICIT_RETAIN_SELF = YES;
				CLANG_WARN_OBJC_LITERAL_CONVERSION = YES;
				CLANG_WARN_OBJC_ROOT_CLASS = YES_ERROR;
				CLANG_WARN_QUOTED_INCLUDE_IN_FRAMEWORK_HEADER = YES;
				CLANG_WARN_RANGE_LOOP_ANALYSIS = YES;
				CLANG_WARN_STRICT_PROTOTYPES = YES;
				CLANG_WARN_SUSPICIOUS_MOVE = YES;
				CLANG_WARN_UNGUARDED_AVAILABILITY = YES_AGGRESSIVE;
				CLANG_WARN_UNREACHABLE_CODE = YES;
				CLANG_WARN__DUPLICATE_METHOD_MATCH = YES;
				COPY_PHASE_STRIP = NO;
				DEBUG_INFORMATION_FORMAT = "dwarf-with-dsym";
				ENABLE_NS_ASSERTIONS = NO;
				ENABLE_STRICT_OBJC_MSGSEND = YES;
				GCC_C_LANGUAGE_STANDARD = gnu11;
				GCC_NO_COMMON_BLOCKS = YES;
				GCC_WARN_64_TO_32_BIT_CONVERSION = YES;
				GCC_WARN_ABOUT_RETURN_TYPE = YES_ERROR;
				GCC_WARN_UNDECLARED_SELECTOR = YES;
				GCC_WARN_UNINITIALIZED_AUTOS = YES_AGGRESSIVE;
				GCC_WARN_UNUSED_FUNCTION = YES;
				GCC_WARN_UNUSED_VARIABLE = YES;
				IPHONEOS_DEPLOYMENT_TARGET = 15.4;
				MTL_ENABLE_DEBUG_INFO = NO;
				MTL_FAST_MATH = YES;
				SDKROOT = iphoneos;
				SWIFT_COMPILATION_MODE = wholemodule;
				SWIFT_OPTIMIZATION_LEVEL = "-O";
				VALIDATE_PRODUCT = YES;
			};
			name = Release;
		};
		D477CBCA28241A2100B7A07B /* Debug */ = {
			isa = XCBuildConfiguration;
			buildSettings = {
				ASSETCATALOG_COMPILER_APPICON_NAME = AppIcon;
				ASSETCATALOG_COMPILER_GLOBAL_ACCENT_COLOR_NAME = AccentColor;
				CODE_SIGN_STYLE = Automatic;
				CURRENT_PROJECT_VERSION = 1;
				DEVELOPMENT_TEAM = BR3T8YBB5L;
				GENERATE_INFOPLIST_FILE = YES;
				INFOPLIST_FILE = UnitTest_1/Info.plist;
				INFOPLIST_KEY_UIApplicationSupportsIndirectInputEvents = YES;
				INFOPLIST_KEY_UILaunchStoryboardName = LaunchScreen;
				INFOPLIST_KEY_UISupportedInterfaceOrientations_iPad = "UIInterfaceOrientationPortrait UIInterfaceOrientationPortraitUpsideDown UIInterfaceOrientationLandscapeLeft UIInterfaceOrientationLandscapeRight";
				INFOPLIST_KEY_UISupportedInterfaceOrientations_iPhone = "UIInterfaceOrientationPortrait UIInterfaceOrientationLandscapeLeft UIInterfaceOrientationLandscapeRight";
				LD_RUNPATH_SEARCH_PATHS = (
					"$(inherited)",
					"@executable_path/Frameworks",
				);
				MARKETING_VERSION = 1.0;
				PRODUCT_BUNDLE_IDENTIFIER = "com.gmail.yuukirinnma.UnitTest-1";
				PRODUCT_NAME = "$(TARGET_NAME)";
				SWIFT_EMIT_LOC_STRINGS = YES;
				SWIFT_VERSION = 5.0;
				TARGETED_DEVICE_FAMILY = "1,2";
			};
			name = Debug;
		};
		D477CBCB28241A2100B7A07B /* Release */ = {
			isa = XCBuildConfiguration;
			buildSettings = {
				ASSETCATALOG_COMPILER_APPICON_NAME = AppIcon;
				ASSETCATALOG_COMPILER_GLOBAL_ACCENT_COLOR_NAME = AccentColor;
				CODE_SIGN_STYLE = Automatic;
				CURRENT_PROJECT_VERSION = 1;
				DEVELOPMENT_TEAM = BR3T8YBB5L;
				GENERATE_INFOPLIST_FILE = YES;
				INFOPLIST_FILE = UnitTest_1/Info.plist;
				INFOPLIST_KEY_UIApplicationSupportsIndirectInputEvents = YES;
				INFOPLIST_KEY_UILaunchStoryboardName = LaunchScreen;
				INFOPLIST_KEY_UISupportedInterfaceOrientations_iPad = "UIInterfaceOrientationPortrait UIInterfaceOrientationPortraitUpsideDown UIInterfaceOrientationLandscapeLeft UIInterfaceOrientationLandscapeRight";
				INFOPLIST_KEY_UISupportedInterfaceOrientations_iPhone = "UIInterfaceOrientationPortrait UIInterfaceOrientationLandscapeLeft UIInterfaceOrientationLandscapeRight";
				LD_RUNPATH_SEARCH_PATHS = (
					"$(inherited)",
					"@executable_path/Frameworks",
				);
				MARKETING_VERSION = 1.0;
				PRODUCT_BUNDLE_IDENTIFIER = "com.gmail.yuukirinnma.UnitTest-1";
				PRODUCT_NAME = "$(TARGET_NAME)";
				SWIFT_EMIT_LOC_STRINGS = YES;
				SWIFT_VERSION = 5.0;
				TARGETED_DEVICE_FAMILY = "1,2";
			};
			name = Release;
		};
		D477CBCD28241A2100B7A07B /* Debug */ = {
			isa = XCBuildConfiguration;
			buildSettings = {
				ALWAYS_EMBED_SWIFT_STANDARD_LIBRARIES = YES;
				BUNDLE_LOADER = "$(TEST_HOST)";
				CODE_SIGN_STYLE = Automatic;
				CURRENT_PROJECT_VERSION = 1;
				DEVELOPMENT_TEAM = BR3T8YBB5L;
				GENERATE_INFOPLIST_FILE = YES;
				IPHONEOS_DEPLOYMENT_TARGET = 15.4;
				MARKETING_VERSION = 1.0;
				PRODUCT_BUNDLE_IDENTIFIER = "com.gmail.yuukirinnma.UnitTest-1Tests";
				PRODUCT_NAME = "$(TARGET_NAME)";
				SWIFT_EMIT_LOC_STRINGS = NO;
				SWIFT_VERSION = 5.0;
				TARGETED_DEVICE_FAMILY = "1,2";
				TEST_HOST = "$(BUILT_PRODUCTS_DIR)/UnitTest_1.app/UnitTest_1";
			};
			name = Debug;
		};
		D477CBCE28241A2100B7A07B /* Release */ = {
			isa = XCBuildConfiguration;
			buildSettings = {
				ALWAYS_EMBED_SWIFT_STANDARD_LIBRARIES = YES;
				BUNDLE_LOADER = "$(TEST_HOST)";
				CODE_SIGN_STYLE = Automatic;
				CURRENT_PROJECT_VERSION = 1;
				DEVELOPMENT_TEAM = BR3T8YBB5L;
				GENERATE_INFOPLIST_FILE = YES;
				IPHONEOS_DEPLOYMENT_TARGET = 15.4;
				MARKETING_VERSION = 1.0;
				PRODUCT_BUNDLE_IDENTIFIER = "com.gmail.yuukirinnma.UnitTest-1Tests";
				PRODUCT_NAME = "$(TARGET_NAME)";
				SWIFT_EMIT_LOC_STRINGS = NO;
				SWIFT_VERSION = 5.0;
				TARGETED_DEVICE_FAMILY = "1,2";
				TEST_HOST = "$(BUILT_PRODUCTS_DIR)/UnitTest_1.app/UnitTest_1";
			};
			name = Release;
		};
		D477CBD028241A2100B7A07B /* Debug */ = {
			isa = XCBuildConfiguration;
			buildSettings = {
				ALWAYS_EMBED_SWIFT_STANDARD_LIBRARIES = YES;
				CODE_SIGN_STYLE = Automatic;
				CURRENT_PROJECT_VERSION = 1;
				DEVELOPMENT_TEAM = BR3T8YBB5L;
				GENERATE_INFOPLIST_FILE = YES;
				MARKETING_VERSION = 1.0;
				PRODUCT_BUNDLE_IDENTIFIER = "com.gmail.yuukirinnma.UnitTest-1UITests";
				PRODUCT_NAME = "$(TARGET_NAME)";
				SWIFT_EMIT_LOC_STRINGS = NO;
				SWIFT_VERSION = 5.0;
				TARGETED_DEVICE_FAMILY = "1,2";
				TEST_TARGET_NAME = UnitTest_1;
			};
			name = Debug;
		};
		D477CBD128241A2100B7A07B /* Release */ = {
			isa = XCBuildConfiguration;
			buildSettings = {
				ALWAYS_EMBED_SWIFT_STANDARD_LIBRARIES = YES;
				CODE_SIGN_STYLE = Automatic;
				CURRENT_PROJECT_VERSION = 1;
				DEVELOPMENT_TEAM = BR3T8YBB5L;
				GENERATE_INFOPLIST_FILE = YES;
				MARKETING_VERSION = 1.0;
				PRODUCT_BUNDLE_IDENTIFIER = "com.gmail.yuukirinnma.UnitTest-1UITests";
				PRODUCT_NAME = "$(TARGET_NAME)";
				SWIFT_EMIT_LOC_STRINGS = NO;
				SWIFT_VERSION = 5.0;
				TARGETED_DEVICE_FAMILY = "1,2";
				TEST_TARGET_NAME = UnitTest_1;
			};
			name = Release;
		};
/* End XCBuildConfiguration section */

/* Begin XCConfigurationList section */
		D477CB9A28241A1E00B7A07B /* Build configuration list for PBXProject "UnitTest_1" */ = {
			isa = XCConfigurationList;
			buildConfigurations = (
				D477CBC728241A2100B7A07B /* Debug */,
				D477CBC828241A2100B7A07B /* Release */,
			);
			defaultConfigurationIsVisible = 0;
			defaultConfigurationName = Release;
		};
		D477CBC928241A2100B7A07B /* Build configuration list for PBXNativeTarget "UnitTest_1" */ = {
			isa = XCConfigurationList;
			buildConfigurations = (
				D477CBCA28241A2100B7A07B /* Debug */,
				D477CBCB28241A2100B7A07B /* Release */,
			);
			defaultConfigurationIsVisible = 0;
			defaultConfigurationName = Release;
		};
		D477CBCC28241A2100B7A07B /* Build configuration list for PBXNativeTarget "UnitTest_1Tests" */ = {
			isa = XCConfigurationList;
			buildConfigurations = (
				D477CBCD28241A2100B7A07B /* Debug */,
				D477CBCE28241A2100B7A07B /* Release */,
			);
			defaultConfigurationIsVisible = 0;
			defaultConfigurationName = Release;
		};
		D477CBCF28241A2100B7A07B /* Build configuration list for PBXNativeTarget "UnitTest_1UITests" */ = {
			isa = XCConfigurationList;
			buildConfigurations = (
				D477CBD028241A2100B7A07B /* Debug */,
				D477CBD128241A2100B7A07B /* Release */,
			);
			defaultConfigurationIsVisible = 0;
			defaultConfigurationName = Release;
		};
/* End XCConfigurationList section */
	};
	rootObject = D477CB9728241A1E00B7A07B /* Project object */;
}
